{
  "requires": true,
  "lockfileVersion": 1,
  "dependencies": {
    "@vant/weapp": {
      "version": "1.5.1",
      "resolved": "https://registry.npmjs.org/@vant/weapp/-/weapp-1.5.1.tgz",
      "integrity": "sha512-rfaZy8oW+yE/hz2EK2hwS3eTWXPcddJ+/j7GCHd4+GOlSJuXzk6xpM63ARAWWe+EUQrXqGXl7ssOHdqK3Z9Ejg=="
    },
    "vant-weapp": {
      "version": "0.5.28",
      "resolved": "https://registry.npmjs.org/vant-weapp/-/vant-weapp-0.5.28.tgz",
      "integrity": "sha512-GAJ2PTLuhXHWpAD5B7DdRQdkEFMdjdduuMzKkThUjIiQ63ESnaJvIEUbW3RgiUNNV7PYXwhOFOd6woR/JsTFLA=="
    }
  }
}
